// !$*UTF8*$!
{
	archiveVersion = 1;
	classes = {
	};
	objectVersion = 46;
	objects = {

/* Begin PBXBuildFile section */
		F901C4921EAE0C8400C6CE09 /* main.m in Sources */ = {isa = PBXBuildFile; fileRef = F901C4911EAE0C8400C6CE09 /* main.m */; };
		F901C4951EAE0C8400C6CE09 /* AppDelegate.m in Sources */ = {isa = PBXBuildFile; fileRef = F901C4941EAE0C8400C6CE09 /* AppDelegate.m */; };
		F901C4981EAE0C8400C6CE09 /* ViewController.m in Sources */ = {isa = PBXBuildFile; fileRef = F901C4971EAE0C8400C6CE09 /* ViewController.m */; };
		F901C49B1EAE0C8400C6CE09 /* Main.storyboard in Resources */ = {isa = PBXBuildFile; fileRef = F901C4991EAE0C8400C6CE09 /* Main.storyboard */; };
		F901C49D1EAE0C8400C6CE09 /* Assets.xcassets in Resources */ = {isa = PBXBuildFile; fileRef = F901C49C1EAE0C8400C6CE09 /* Assets.xcassets */; };
		F901C4A01EAE0C8400C6CE09 /* LaunchScreen.storyboard in Resources */ = {isa = PBXBuildFile; fileRef = F901C49E1EAE0C8400C6CE09 /* LaunchScreen.storyboard */; };
		F901C4AA1EAE0DB800C6CE09 /* YYTransaction.m in Sources */ = {isa = PBXBuildFile; fileRef = F901C4A91EAE0DB800C6CE09 /* YYTransaction.m */; };
		F901C4AD1EAE351700C6CE09 /* YYSentinel.m in Sources */ = {isa = PBXBuildFile; fileRef = F901C4AC1EAE351700C6CE09 /* YYSentinel.m */; };
		F901C4B01EAE39D300C6CE09 /* YYAsyncLayer.m in Sources */ = {isa = PBXBuildFile; fileRef = F901C4AF1EAE39D300C6CE09 /* YYAsyncLayer.m */; };
		F901C4B31EAEF2F700C6CE09 /* YYAsyncView.m in Sources */ = {isa = PBXBuildFile; fileRef = F901C4B21EAEF2F700C6CE09 /* YYAsyncView.m */; };
/* End PBXBuildFile section */

/* Begin PBXFileReference section */
		F901C48D1EAE0C8400C6CE09 /* yyStudy.app */ = {isa = PBXFileReference; explicitFileType = wrapper.application; includeInIndex = 0; path = yyStudy.app; sourceTree = BUILT_PRODUCTS_DIR; };
		F901C4911EAE0C8400C6CE09 /* main.m */ = {isa = PBXFileReference; lastKnownFileType = sourcecode.c.objc; path = main.m; sourceTree = "<group>"; };
		F901C4931EAE0C8400C6CE09 /* AppDelegate.h */ = {isa = PBXFileReference; lastKnownFileType = sourcecode.c.h; path = AppDelegate.h; sourceTree = "<group>"; };
		F901C4941EAE0C8400C6CE09 /* AppDelegate.m */ = {isa = PBXFileReference; lastKnownFileType = sourcecode.c.objc; path = AppDelegate.m; sourceTree = "<group>"; };
		F901C4961EAE0C8400C6CE09 /* ViewController.h */ = {isa = PBXFileReference; lastKnownFileType = sourcecode.c.h; path = ViewController.h; sourceTree = "<group>"; };
		F901C4971EAE0C8400C6CE09 /* ViewController.m */ = {isa = PBXFileReference; lastKnownFileType = sourcecode.c.objc; path = ViewController.m; sourceTree = "<group>"; };
		F901C49A1EAE0C8400C6CE09 /* Base */ = {isa = PBXFileReference; lastKnownFileType = file.storyboard; name = Base; path = Base.lproj/Main.storyboard; sourceTree = "<group>"; };
		F901C49C1EAE0C8400C6CE09 /* Assets.xcassets */ = {isa = PBXFileReference; lastKnownFileType = folder.assetcatalog; path = Assets.xcassets; sourceTree = "<group>"; };
		F901C49F1EAE0C8400C6CE09 /* Base */ = {isa = PBXFileReference; lastKnownFileType = file.storyboard; name = Base; path = Base.lproj/LaunchScreen.storyboard; sourceTree = "<group>"; };
		F901C4A11EAE0C8400C6CE09 /* Info.plist */ = {isa = PBXFileReference; lastKnownFileType = text.plist.xml; path = Info.plist; sourceTree = "<group>"; };
		F901C4A81EAE0DB800C6CE09 /* YYTransaction.h */ = {isa = PBXFileReference; fileEncoding = 4; lastKnownFileType = sourcecode.c.h; path = YYTransaction.h; sourceTree = "<group>"; };
		F901C4A91EAE0DB800C6CE09 /* YYTransaction.m */ = {isa = PBXFileReference; fileEncoding = 4; lastKnownFileType = sourcecode.c.objc; path = YYTransaction.m; sourceTree = "<group>"; };
		F901C4AB1EAE351700C6CE09 /* YYSentinel.h */ = {isa = PBXFileReference; fileEncoding = 4; lastKnownFileType = sourcecode.c.h; path = YYSentinel.h; sourceTree = "<group>"; };
		F901C4AC1EAE351700C6CE09 /* YYSentinel.m */ = {isa = PBXFileReference; fileEncoding = 4; lastKnownFileType = sourcecode.c.objc; path = YYSentinel.m; sourceTree = "<group>"; };
		F901C4AE1EAE39D300C6CE09 /* YYAsyncLayer.h */ = {isa = PBXFileReference; fileEncoding = 4; lastKnownFileType = sourcecode.c.h; path = YYAsyncLayer.h; sourceTree = "<group>"; };
		F901C4AF1EAE39D300C6CE09 /* YYAsyncLayer.m */ = {isa = PBXFileReference; fileEncoding = 4; lastKnownFileType = sourcecode.c.objc; path = YYAsyncLayer.m; sourceTree = "<group>"; };
		F901C4B11EAEF2F700C6CE09 /* YYAsyncView.h */ = {isa = PBXFileReference; fileEncoding = 4; lastKnownFileType = sourcecode.c.h; path = YYAsyncView.h; sourceTree = "<group>"; };
		F901C4B21EAEF2F700C6CE09 /* YYAsyncView.m */ = {isa = PBXFileReference; fileEncoding = 4; lastKnownFileType = sourcecode.c.objc; path = YYAsyncView.m; sourceTree = "<group>"; };
/* End PBXFileReference section */

/* Begin PBXFrameworksBuildPhase section */
		F901C48A1EAE0C8400C6CE09 /* Frameworks */ = {
			isa = PBXFrameworksBuildPhase;
			buildActionMask = 2147483647;
			files = (
			);
			runOnlyForDeploymentPostprocessing = 0;
		};
/* End PBXFrameworksBuildPhase section */

/* Begin PBXGroup section */
		F901C4841EAE0C8400C6CE09 = {
			isa = PBXGroup;
			children = (
				F901C48F1EAE0C8400C6CE09 /* yyStudy */,
				F901C48E1EAE0C8400C6CE09 /* Products */,
			);
			sourceTree = "<group>";
		};
		F901C48E1EAE0C8400C6CE09 /* Products */ = {
			isa = PBXGroup;
			children = (
				F901C48D1EAE0C8400C6CE09 /* yyStudy.app */,
			);
			name = Products;
			sourceTree = "<group>";
		};
		F901C48F1EAE0C8400C6CE09 /* yyStudy */ = {
			isa = PBXGroup;
			children = (
				F901C4A71EAE0D9500C6CE09 /* yyAsyncLayer */,
				F901C4931EAE0C8400C6CE09 /* AppDelegate.h */,
				F901C4941EAE0C8400C6CE09 /* AppDelegate.m */,
				F901C4961EAE0C8400C6CE09 /* ViewController.h */,
				F901C4971EAE0C8400C6CE09 /* ViewController.m */,
				F901C4991EAE0C8400C6CE09 /* Main.storyboard */,
				F901C49C1EAE0C8400C6CE09 /* Assets.xcassets */,
				F901C49E1EAE0C8400C6CE09 /* LaunchScreen.storyboard */,
				F901C4A11EAE0C8400C6CE09 /* Info.plist */,
				F901C4901EAE0C8400C6CE09 /* Supporting Files */,
				F901C4B11EAEF2F700C6CE09 /* YYAsyncView.h */,
				F901C4B21EAEF2F700C6CE09 /* YYAsyncView.m */,
			);
			path = yyStudy;
			sourceTree = "<group>";
		};
		F901C4901EAE0C8400C6CE09 /* Supporting Files */ = {
			isa = PBXGroup;
			children = (
				F901C4911EAE0C8400C6CE09 /* main.m */,
			);
			name = "Supporting Files";
			sourceTree = "<group>";
		};
		F901C4A71EAE0D9500C6CE09 /* yyAsyncLayer */ = {
			isa = PBXGroup;
			children = (
				F901C4A81EAE0DB800C6CE09 /* YYTransaction.h */,
				F901C4A91EAE0DB800C6CE09 /* YYTransaction.m */,
				F901C4AB1EAE351700C6CE09 /* YYSentinel.h */,
				F901C4AC1EAE351700C6CE09 /* YYSentinel.m */,
				F901C4AE1EAE39D300C6CE09 /* YYAsyncLayer.h */,
				F901C4AF1EAE39D300C6CE09 /* YYAsyncLayer.m */,
			);
			path = yyAsyncLayer;
			sourceTree = "<group>";
		};
/* End PBXGroup section */

/* Begin PBXNativeTarget section */
		F901C48C1EAE0C8400C6CE09 /* yyStudy */ = {
			isa = PBXNativeTarget;
			buildConfigurationList = F901C4A41EAE0C8400C6CE09 /* Build configuration list for PBXNativeTarget "yyStudy" */;
			buildPhases = (
				F901C4891EAE0C8400C6CE09 /* Sources */,
				F901C48A1EAE0C8400C6CE09 /* Frameworks */,
				F901C48B1EAE0C8400C6CE09 /* Resources */,
			);
			buildRules = (
			);
			dependencies = (
			);
			name = yyStudy;
			productName = yyStudy;
			productReference = F901C48D1EAE0C8400C6CE09 /* yyStudy.app */;
			productType = "com.apple.product-type.application";
		};
/* End PBXNativeTarget section */

/* Begin PBXProject section */
		F901C4851EAE0C8400C6CE09 /* Project object */ = {
			isa = PBXProject;
			attributes = {
				LastUpgradeCheck = 0830;
				ORGANIZATIONNAME = hanxu;
				TargetAttributes = {
					F901C48C1EAE0C8400C6CE09 = {
						CreatedOnToolsVersion = 8.3.1;
						DevelopmentTeam = 8DW8Y7UETJ;
						ProvisioningStyle = Automatic;
					};
				};
			};
			buildConfigurationList = F901C4881EAE0C8400C6CE09 /* Build configuration list for PBXProject "yyStudy" */;
			compatibilityVersion = "Xcode 3.2";
			developmentRegion = English;
			hasScannedForEncodings = 0;
			knownRegions = (
				en,
				Base,
			);
			mainGroup = F901C4841EAE0C8400C6CE09;
			productRefGroup = F901C48E1EAE0C8400C6CE09 /* Products */;
			projectDirPath = "";
			projectRoot = "";
			targets = (
				F901C48C1EAE0C8400C6CE09 /* yyStudy */,
			);
		};
/* End PBXProject section */

/* Begin PBXResourcesBuildPhase section */
		F901C48B1EAE0C8400C6CE09 /* Resources */ = {
			isa = PBXResourcesBuildPhase;
			buildActionMask = 2147483647;
			files = (
				F901C4A01EAE0C8400C6CE09 /* LaunchScreen.storyboard in Resources */,
				F901C49D1EAE0C8400C6CE09 /* Assets.xcassets in Resources */,
				F901C49B1EAE0C8400C6CE09 /* Main.storyboard in Resources */,
			);
			runOnlyForDeploymentPostprocessing = 0;
		};
/* End PBXResourcesBuildPhase section */

/* Begin PBXSourcesBuildPhase section */
		F901C4891EAE0C8400C6CE09 /* Sources */ = {
			isa = PBXSourcesBuildPhase;
			buildActionMask = 2147483647;
			files = (
				F901C4981EAE0C8400C6CE09 /* ViewController.m in Sources */,
				F901C4AD1EAE351700C6CE09 /* YYSentinel.m in Sources */,
				F901C4951EAE0C8400C6CE09 /* AppDelegate.m in Sources */,
				F901C4AA1EAE0DB800C6CE09 /* YYTransaction.m in Sources */,
				F901C4B01EAE39D300C6CE09 /* YYAsyncLayer.m in Sources */,
				F901C4921EAE0C8400C6CE09 /* main.m in Sources */,
				F901C4B31EAEF2F700C6CE09 /* YYAsyncView.m in Sources */,
			);
			runOnlyForDeploymentPostprocessing = 0;
		};
/* End PBXSourcesBuildPhase section */

/* Begin PBXVariantGroup section */
		F901C4991EAE0C8400C6CE09 /* Main.storyboard */ = {
			isa = PBXVariantGroup;
			children = (
				F901C49A1EAE0C8400C6CE09 /* Base */,
			);
			name = Main.storyboard;
			sourceTree = "<group>";
		};
		F901C49E1EAE0C8400C6CE09 /* LaunchScreen.storyboard */ = {
			isa = PBXVariantGroup;
			children = (
				F901C49F1EAE0C8400C6CE09 /* Base */,
			);
			name = LaunchScreen.storyboard;
			sourceTree = "<group>";
		};
/* End PBXVariantGroup section */

/* Begin XCBuildConfiguration section */
		F901C4A21EAE0C8400C6CE09 /* Debug */ = {
			isa = XCBuildConfiguration;
			buildSettings = {
				ALWAYS_SEARCH_USER_PATHS = NO;
				CLANG_ANALYZER_NONNULL = YES;
				CLANG_ANALYZER_NUMBER_OBJECT_CONVERSION = YES_AGGRESSIVE;
				CLANG_CXX_LANGUAGE_STANDARD = "gnu++0x";
				CLANG_CXX_LIBRARY = "libc++";
				CLANG_ENABLE_MODULES = YES;
				CLANG_ENABLE_OBJC_ARC = YES;
				CLANG_WARN_BOOL_CONVERSION = YES;
				CLANG_WARN_CONSTANT_CONVERSION = YES;
				CLANG_WARN_DIRECT_OBJC_ISA_USAGE = YES_ERROR;
				CLANG_WARN_DOCUMENTATION_COMMENTS = YES;
				CLANG_WARN_EMPTY_BODY = YES;
				CLANG_WARN_ENUM_CONVERSION = YES;
				CLANG_WARN_INFINITE_RECURSION = YES;
				CLANG_WARN_INT_CONVERSION = YES;
				CLANG_WARN_OBJC_ROOT_CLASS = YES_ERROR;
				CLANG_WARN_SUSPICIOUS_MOVE = YES;
				CLANG_WARN_UNREACHABLE_CODE = YES;
				CLANG_WARN__DUPLICATE_METHOD_MATCH = YES;
				"CODE_SIGN_IDENTITY[sdk=iphoneos*]" = "iPhone Developer";
				COPY_PHASE_STRIP = NO;
				DEBUG_INFORMATION_FORMAT = dwarf;
				ENABLE_STRICT_OBJC_MSGSEND = YES;
				ENABLE_TESTABILITY = YES;
				GCC_C_LANGUAGE_STANDARD = gnu99;
				GCC_DYNAMIC_NO_PIC = NO;
				GCC_NO_COMMON_BLOCKS = YES;
				GCC_OPTIMIZATION_LEVEL = 0;
				GCC_PREPROCESSOR_DEFINITIONS = (
					"DEBUG=1",
					"$(inherited)",
				);
				GCC_WARN_64_TO_32_BIT_CONVERSION = YES;
				GCC_WARN_ABOUT_RETURN_TYPE = YES_ERROR;
				GCC_WARN_UNDECLARED_SELECTOR = YES;
				GCC_WARN_UNINITIALIZED_AUTOS = YES_AGGRESSIVE;
				GCC_WARN_UNUSED_FUNCTION = YES;
				GCC_WARN_UNUSED_VARIABLE = YES;
				IPHONEOS_DEPLOYMENT_TARGET = 10.3;
				MTL_ENABLE_DEBUG_INFO = YES;
				ONLY_ACTIVE_ARCH = YES;
				SDKROOT = iphoneos;
			};
			name = Debug;
		};
		F901C4A31EAE0C8400C6CE09 /* Release */ = {
			isa = XCBuildConfiguration;
			buildSettings = {
				ALWAYS_SEARCH_USER_PATHS = NO;
				CLANG_ANALYZER_NONNULL = YES;
				CLANG_ANALYZER_NUMBER_OBJECT_CONVERSION = YES_AGGRESSIVE;
				CLANG_CXX_LANGUAGE_STANDARD = "gnu++0x";
				CLANG_CXX_LIBRARY = "libc++";
				CLANG_ENABLE_MODULES = YES;
				CLANG_ENABLE_OBJC_ARC = YES;
				CLANG_WARN_BOOL_CONVERSION = YES;
				CLANG_WARN_CONSTANT_CONVERSION = YES;
				CLANG_WARN_DIRECT_OBJC_ISA_USAGE = YES_ERROR;
				CLANG_WARN_DOCUMENTATION_COMMENTS = YES;
				CLANG_WARN_EMPTY_BODY = YES;
				CLANG_WARN_ENUM_CONVERSION = YES;
				CLANG_WARN_INFINITE_RECURSION = YES;
				CLANG_WARN_INT_CONVERSION = YES;
				CLANG_WARN_OBJC_ROOT_CLASS = YES_ERROR;
				CLANG_WARN_SUSPICIOUS_MOVE = YES;
				CLANG_WARN_UNREACHABLE_CODE = YES;
				CLANG_WARN__DUPLICATE_METHOD_MATCH = YES;
				"CODE_SIGN_IDENTITY[sdk=iphoneos*]" = "iPhone Developer";
				COPY_PHASE_STRIP = NO;
				DEBUG_INFORMATION_FORMAT = "dwarf-with-dsym";
				ENABLE_NS_ASSERTIONS = NO;
				ENABLE_STRICT_OBJC_MSGSEND = YES;
				GCC_C_LANGUAGE_STANDARD = gnu99;
				GCC_NO_COMMON_BLOCKS = YES;
				GCC_WARN_64_TO_32_BIT_CONVERSION = YES;
				GCC_WARN_ABOUT_RETURN_TYPE = YES_ERROR;
				GCC_WARN_UNDECLARED_SELECTOR = YES;
				GCC_WARN_UNINITIALIZED_AUTOS = YES_AGGRESSIVE;
				GCC_WARN_UNUSED_FUNCTION = YES;
				GCC_WARN_UNUSED_VARIABLE = YES;
				IPHONEOS_DEPLOYMENT_TARGET = 10.3;
				MTL_ENABLE_DEBUG_INFO = NO;
				SDKROOT = iphoneos;
				VALIDATE_PRODUCT = YES;
			};
			name = Release;
		};
		F901C4A51EAE0C8400C6CE09 /* Debug */ = {
			isa = XCBuildConfiguration;
			buildSettings = {
				ASSETCATALOG_COMPILER_APPICON_NAME = AppIcon;
				DEVELOPMENT_TEAM = 8DW8Y7UETJ;
				INFOPLIST_FILE = yyStudy/Info.plist;
				IPHONEOS_DEPLOYMENT_TARGET = 9.1;
				LD_RUNPATH_SEARCH_PATHS = "$(inherited) @executable_path/Frameworks";
				PRODUCT_BUNDLE_IDENTIFIER = xx.yyStudy;
				PRODUCT_NAME = "$(TARGET_NAME)";
			};
			name = Debug;
		};
		F901C4A61EAE0C8400C6CE09 /* Release */ = {
			isa = XCBuildConfiguration;
			buildSettings = {
				ASSETCATALOG_COMPILER_APPICON_NAME = AppIcon;
				DEVELOPMENT_TEAM = 8DW8Y7UETJ;
				INFOPLIST_FILE = yyStudy/Info.plist;
				IPHONEOS_DEPLOYMENT_TARGET = 9.1;
				LD_RUNPATH_SEARCH_PATHS = "$(inherited) @executable_path/Frameworks";
				PRODUCT_BUNDLE_IDENTIFIER = xx.yyStudy;
				PRODUCT_NAME = "$(TARGET_NAME)";
			};
			name = Release;
		};
/* End XCBuildConfiguration section */

/* Begin XCConfigurationList section */
		F901C4881EAE0C8400C6CE09 /* Build configuration list for PBXProject "yyStudy" */ = {
			isa = XCConfigurationList;
			buildConfigurations = (
				F901C4A21EAE0C8400C6CE09 /* Debug */,
				F901C4A31EAE0C8400C6CE09 /* Release */,
			);
			defaultConfigurationIsVisible = 0;
			defaultConfigurationName = Release;
		};
		F901C4A41EAE0C8400C6CE09 /* Build configuration list for PBXNativeTarget "yyStudy" */ = {
			isa = XCConfigurationList;
			buildConfigurations = (
				F901C4A51EAE0C8400C6CE09 /* Debug */,
				F901C4A61EAE0C8400C6CE09 /* Release */,
			);
			defaultConfigurationIsVisible = 0;
		};
/* End XCConfigurationList section */
	};
	rootObject = F901C4851EAE0C8400C6CE09 /* Project object */;
}
